// !$*UTF8*$!
{
	archiveVersion = 1;
	classes = {
	};
	objectVersion = 50;
	objects = {

/* Begin PBXBuildFile section */
		7D62D8B222D0BAFE0039AC3D /* DataModel.xcdatamodeld in Sources */ = {isa = PBXBuildFile; fileRef = 7D62D8B022D0BAFE0039AC3D /* DataModel.xcdatamodeld */; };
		7DA138BC22D271E200CB0C6B /* CategoryViewController.swift in Sources */ = {isa = PBXBuildFile; fileRef = 7DA138BB22D271E200CB0C6B /* CategoryViewController.swift */; };
		7DD3D64022AEC7CF000B1992 /* AppDelegate.swift in Sources */ = {isa = PBXBuildFile; fileRef = 7DD3D63F22AEC7CF000B1992 /* AppDelegate.swift */; };
		7DD3D64222AEC7CF000B1992 /* ToDoListViewController.swift in Sources */ = {isa = PBXBuildFile; fileRef = 7DD3D64122AEC7CF000B1992 /* ToDoListViewController.swift */; };
		7DD3D64522AEC7CF000B1992 /* Main.storyboard in Resources */ = {isa = PBXBuildFile; fileRef = 7DD3D64322AEC7CF000B1992 /* Main.storyboard */; };
		7DD3D64722AEC7D0000B1992 /* Assets.xcassets in Resources */ = {isa = PBXBuildFile; fileRef = 7DD3D64622AEC7D0000B1992 /* Assets.xcassets */; };
		7DD3D64A22AEC7D0000B1992 /* LaunchScreen.storyboard in Resources */ = {isa = PBXBuildFile; fileRef = 7DD3D64822AEC7D0000B1992 /* LaunchScreen.storyboard */; };
/* End PBXBuildFile section */

/* Begin PBXFileReference section */
		7D62D8B122D0BAFE0039AC3D /* DataModel.xcdatamodel */ = {isa = PBXFileReference; lastKnownFileType = wrapper.xcdatamodel; path = DataModel.xcdatamodel; sourceTree = "<group>"; };
		7DA138BB22D271E200CB0C6B /* CategoryViewController.swift */ = {isa = PBXFileReference; lastKnownFileType = sourcecode.swift; path = CategoryViewController.swift; sourceTree = "<group>"; };
		7DD3D63C22AEC7CF000B1992 /* Todoey.app */ = {isa = PBXFileReference; explicitFileType = wrapper.application; includeInIndex = 0; path = Todoey.app; sourceTree = BUILT_PRODUCTS_DIR; };
		7DD3D63F22AEC7CF000B1992 /* AppDelegate.swift */ = {isa = PBXFileReference; lastKnownFileType = sourcecode.swift; path = AppDelegate.swift; sourceTree = "<group>"; };
		7DD3D64122AEC7CF000B1992 /* ToDoListViewController.swift */ = {isa = PBXFileReference; lastKnownFileType = sourcecode.swift; path = ToDoListViewController.swift; sourceTree = "<group>"; };
		7DD3D64422AEC7CF000B1992 /* Base */ = {isa = PBXFileReference; lastKnownFileType = file.storyboard; name = Base; path = Base.lproj/Main.storyboard; sourceTree = "<group>"; };
		7DD3D64622AEC7D0000B1992 /* Assets.xcassets */ = {isa = PBXFileReference; lastKnownFileType = folder.assetcatalog; path = Assets.xcassets; sourceTree = "<group>"; };
		7DD3D64922AEC7D0000B1992 /* Base */ = {isa = PBXFileReference; lastKnownFileType = file.storyboard; name = Base; path = Base.lproj/LaunchScreen.storyboard; sourceTree = "<group>"; };
		7DD3D64B22AEC7D0000B1992 /* Info.plist */ = {isa = PBXFileReference; lastKnownFileType = text.plist.xml; path = Info.plist; sourceTree = "<group>"; };
/* End PBXFileReference section */

/* Begin PBXFrameworksBuildPhase section */
		7DD3D63922AEC7CF000B1992 /* Frameworks */ = {
			isa = PBXFrameworksBuildPhase;
			buildActionMask = 2147483647;
			files = (
			);
			runOnlyForDeploymentPostprocessing = 0;
		};
/* End PBXFrameworksBuildPhase section */

/* Begin PBXGroup section */
		7DD3D63322AEC7CF000B1992 = {
			isa = PBXGroup;
			children = (
				7DD3D63E22AEC7CF000B1992 /* Todoey */,
				7DD3D63D22AEC7CF000B1992 /* Products */,
			);
			sourceTree = "<group>";
		};
		7DD3D63D22AEC7CF000B1992 /* Products */ = {
			isa = PBXGroup;
			children = (
				7DD3D63C22AEC7CF000B1992 /* Todoey.app */,
			);
			name = Products;
			sourceTree = "<group>";
		};
		7DD3D63E22AEC7CF000B1992 /* Todoey */ = {
			isa = PBXGroup;
			children = (
				7DD3D63F22AEC7CF000B1992 /* AppDelegate.swift */,
				7DE735BB22C92597009DB15A /* Controllers */,
				7DE735BA22C92581009DB15A /* DataModel */,
				7DE735BC22C925A2009DB15A /* Views */,
				7DE735BD22C925B1009DB15A /* Supporting Files */,
				7DD3D64B22AEC7D0000B1992 /* Info.plist */,
			);
			path = Todoey;
			sourceTree = "<group>";
		};
		7DE735BA22C92581009DB15A /* DataModel */ = {
			isa = PBXGroup;
			children = (
				7D62D8B022D0BAFE0039AC3D /* DataModel.xcdatamodeld */,
			);
			path = DataModel;
			sourceTree = "<group>";
		};
		7DE735BB22C92597009DB15A /* Controllers */ = {
			isa = PBXGroup;
			children = (
				7DA138BB22D271E200CB0C6B /* CategoryViewController.swift */,
				7DD3D64122AEC7CF000B1992 /* ToDoListViewController.swift */,
			);
			path = Controllers;
			sourceTree = "<group>";
		};
		7DE735BC22C925A2009DB15A /* Views */ = {
			isa = PBXGroup;
			children = (
				7DD3D64322AEC7CF000B1992 /* Main.storyboard */,
			);
			path = Views;
			sourceTree = "<group>";
		};
		7DE735BD22C925B1009DB15A /* Supporting Files */ = {
			isa = PBXGroup;
			children = (
				7DD3D64622AEC7D0000B1992 /* Assets.xcassets */,
				7DD3D64822AEC7D0000B1992 /* LaunchScreen.storyboard */,
			);
			path = "Supporting Files";
			sourceTree = "<group>";
		};
/* End PBXGroup section */

/* Begin PBXNativeTarget section */
		7DD3D63B22AEC7CF000B1992 /* Todoey */ = {
			isa = PBXNativeTarget;
			buildConfigurationList = 7DD3D64E22AEC7D0000B1992 /* Build configuration list for PBXNativeTarget "Todoey" */;
			buildPhases = (
				7DD3D63822AEC7CF000B1992 /* Sources */,
				7DD3D63922AEC7CF000B1992 /* Frameworks */,
				7DD3D63A22AEC7CF000B1992 /* Resources */,
			);
			buildRules = (
			);
			dependencies = (
			);
			name = Todoey;
			productName = Todoey;
			productReference = 7DD3D63C22AEC7CF000B1992 /* Todoey.app */;
			productType = "com.apple.product-type.application";
		};
/* End PBXNativeTarget section */

/* Begin PBXProject section */
		7DD3D63422AEC7CF000B1992 /* Project object */ = {
			isa = PBXProject;
			attributes = {
				LastSwiftUpdateCheck = 1020;
				LastUpgradeCheck = 1020;
				ORGANIZATIONNAME = "Gabor Papp";
				TargetAttributes = {
					7DD3D63B22AEC7CF000B1992 = {
						CreatedOnToolsVersion = 10.2.1;
					};
				};
			};
			buildConfigurationList = 7DD3D63722AEC7CF000B1992 /* Build configuration list for PBXProject "Todoey" */;
			compatibilityVersion = "Xcode 9.3";
			developmentRegion = en;
			hasScannedForEncodings = 0;
			knownRegions = (
				en,
				Base,
			);
			mainGroup = 7DD3D63322AEC7CF000B1992;
			productRefGroup = 7DD3D63D22AEC7CF000B1992 /* Products */;
			projectDirPath = "";
			projectRoot = "";
			targets = (
				7DD3D63B22AEC7CF000B1992 /* Todoey */,
			);
		};
/* End PBXProject section */

/* Begin PBXResourcesBuildPhase section */
		7DD3D63A22AEC7CF000B1992 /* Resources */ = {
			isa = PBXResourcesBuildPhase;
			buildActionMask = 2147483647;
			files = (
				7DD3D64A22AEC7D0000B1992 /* LaunchScreen.storyboard in Resources */,
				7DD3D64722AEC7D0000B1992 /* Assets.xcassets in Resources */,
				7DD3D64522AEC7CF000B1992 /* Main.storyboard in Resources */,
			);
			runOnlyForDeploymentPostprocessing = 0;
		};
/* End PBXResourcesBuildPhase section */

/* Begin PBXSourcesBuildPhase section */
		7DD3D63822AEC7CF000B1992 /* Sources */ = {
			isa = PBXSourcesBuildPhase;
			buildActionMask = 2147483647;
			files = (
				7DA138BC22D271E200CB0C6B /* CategoryViewController.swift in Sources */,
				7DD3D64222AEC7CF000B1992 /* ToDoListViewController.swift in Sources */,
				7D62D8B222D0BAFE0039AC3D /* DataModel.xcdatamodeld in Sources */,
				7DD3D64022AEC7CF000B1992 /* AppDelegate.swift in Sources */,
			);
			runOnlyForDeploymentPostprocessing = 0;
		};
/* End PBXSourcesBuildPhase section */

/* Begin PBXVariantGroup section */
		7DD3D64322AEC7CF000B1992 /* Main.storyboard */ = {
			isa = PBXVariantGroup;
			children = (
				7DD3D64422AEC7CF000B1992 /* Base */,
			);
			name = Main.storyboard;
			sourceTree = "<group>";
		};
		7DD3D64822AEC7D0000B1992 /* LaunchScreen.storyboard */ = {
			isa = PBXVariantGroup;
			children = (
				7DD3D64922AEC7D0000B1992 /* Base */,
			);
			name = LaunchScreen.storyboard;
			sourceTree = "<group>";
		};
/* End PBXVariantGroup section */

/* Begin XCBuildConfiguration section */
		7DD3D64C22AEC7D0000B1992 /* Debug */ = {
			isa = XCBuildConfiguration;
			buildSettings = {
				ALWAYS_SEARCH_USER_PATHS = NO;
				CLANG_ANALYZER_NONNULL = YES;
				CLANG_ANALYZER_NUMBER_OBJECT_CONVERSION = YES_AGGRESSIVE;
				CLANG_CXX_LANGUAGE_STANDARD = "gnu++14";
				CLANG_CXX_LIBRARY = "libc++";
				CLANG_ENABLE_MODULES = YES;
				CLANG_ENABLE_OBJC_ARC = YES;
				CLANG_ENABLE_OBJC_WEAK = YES;
				CLANG_WARN_BLOCK_CAPTURE_AUTORELEASING = YES;
				CLANG_WARN_BOOL_CONVERSION = YES;
				CLANG_WARN_COMMA = YES;
				CLANG_WARN_CONSTANT_CONVERSION = YES;
				CLANG_WARN_DEPRECATED_OBJC_IMPLEMENTATIONS = YES;
				CLANG_WARN_DIRECT_OBJC_ISA_USAGE = YES_ERROR;
				CLANG_WARN_DOCUMENTATION_COMMENTS = YES;
				CLANG_WARN_EMPTY_BODY = YES;
				CLANG_WARN_ENUM_CONVERSION = YES;
				CLANG_WARN_INFINITE_RECURSION = YES;
				CLANG_WARN_INT_CONVERSION = YES;
				CLANG_WARN_NON_LITERAL_NULL_CONVERSION = YES;
				CLANG_WARN_OBJC_IMPLICIT_RETAIN_SELF = YES;
				CLANG_WARN_OBJC_LITERAL_CONVERSION = YES;
				CLANG_WARN_OBJC_ROOT_CLASS = YES_ERROR;
				CLANG_WARN_RANGE_LOOP_ANALYSIS = YES;
				CLANG_WARN_STRICT_PROTOTYPES = YES;
				CLANG_WARN_SUSPICIOUS_MOVE = YES;
				CLANG_WARN_UNGUARDED_AVAILABILITY = YES_AGGRESSIVE;
				CLANG_WARN_UNREACHABLE_CODE = YES;
				CLANG_WARN__DUPLICATE_METHOD_MATCH = YES;
				CODE_SIGN_IDENTITY = "iPhone Developer";
				COPY_PHASE_STRIP = NO;
				DEBUG_INFORMATION_FORMAT = dwarf;
				ENABLE_STRICT_OBJC_MSGSEND = YES;
				ENABLE_TESTABILITY = YES;
				GCC_C_LANGUAGE_STANDARD = gnu11;
				GCC_DYNAMIC_NO_PIC = NO;
				GCC_NO_COMMON_BLOCKS = YES;
				GCC_OPTIMIZATION_LEVEL = 0;
				GCC_PREPROCESSOR_DEFINITIONS = (
					"DEBUG=1",
					"$(inherited)",
				);
				GCC_WARN_64_TO_32_BIT_CONVERSION = YES;
				GCC_WARN_ABOUT_RETURN_TYPE = YES_ERROR;
				GCC_WARN_UNDECLARED_SELECTOR = YES;
				GCC_WARN_UNINITIALIZED_AUTOS = YES_AGGRESSIVE;
				GCC_WARN_UNUSED_FUNCTION = YES;
				GCC_WARN_UNUSED_VARIABLE = YES;
				IPHONEOS_DEPLOYMENT_TARGET = 12.2;
				MTL_ENABLE_DEBUG_INFO = INCLUDE_SOURCE;
				MTL_FAST_MATH = YES;
				ONLY_ACTIVE_ARCH = YES;
				SDKROOT = iphoneos;
				SWIFT_ACTIVE_COMPILATION_CONDITIONS = DEBUG;
				SWIFT_OPTIMIZATION_LEVEL = "-Onone";
			};
			name = Debug;
		};
		7DD3D64D22AEC7D0000B1992 /* Release */ = {
			isa = XCBuildConfiguration;
			buildSettings = {
				ALWAYS_SEARCH_USER_PATHS = NO;
				CLANG_ANALYZER_NONNULL = YES;
				CLANG_ANALYZER_NUMBER_OBJECT_CONVERSION = YES_AGGRESSIVE;
				CLANG_CXX_LANGUAGE_STANDARD = "gnu++14";
				CLANG_CXX_LIBRARY = "libc++";
				CLANG_ENABLE_MODULES = YES;
				CLANG_ENABLE_OBJC_ARC = YES;
				CLANG_ENABLE_OBJC_WEAK = YES;
				CLANG_WARN_BLOCK_CAPTURE_AUTORELEASING = YES;
				CLANG_WARN_BOOL_CONVERSION = YES;
				CLANG_WARN_COMMA = YES;
				CLANG_WARN_CONSTANT_CONVERSION = YES;
				CLANG_WARN_DEPRECATED_OBJC_IMPLEMENTATIONS = YES;
				CLANG_WARN_DIRECT_OBJC_ISA_USAGE = YES_ERROR;
				CLANG_WARN_DOCUMENTATION_COMMENTS = YES;
				CLANG_WARN_EMPTY_BODY = YES;
				CLANG_WARN_ENUM_CONVERSION = YES;
				CLANG_WARN_INFINITE_RECURSION = YES;
				CLANG_WARN_INT_CONVERSION = YES;
				CLANG_WARN_NON_LITERAL_NULL_CONVERSION = YES;
				CLANG_WARN_OBJC_IMPLICIT_RETAIN_SELF = YES;
				CLANG_WARN_OBJC_LITERAL_CONVERSION = YES;
				CLANG_WARN_OBJC_ROOT_CLASS = YES_ERROR;
				CLANG_WARN_RANGE_LOOP_ANALYSIS = YES;
				CLANG_WARN_STRICT_PROTOTYPES = YES;
				CLANG_WARN_SUSPICIOUS_MOVE = YES;
				CLANG_WARN_UNGUARDED_AVAILABILITY = YES_AGGRESSIVE;
				CLANG_WARN_UNREACHABLE_CODE = YES;
				CLANG_WARN__DUPLICATE_METHOD_MATCH = YES;
				CODE_SIGN_IDENTITY = "iPhone Developer";
				COPY_PHASE_STRIP = NO;
				DEBUG_INFORMATION_FORMAT = "dwarf-with-dsym";
				ENABLE_NS_ASSERTIONS = NO;
				ENABLE_STRICT_OBJC_MSGSEND = YES;
				GCC_C_LANGUAGE_STANDARD = gnu11;
				GCC_NO_COMMON_BLOCKS = YES;
				GCC_WARN_64_TO_32_BIT_CONVERSION = YES;
				GCC_WARN_ABOUT_RETURN_TYPE = YES_ERROR;
				GCC_WARN_UNDECLARED_SELECTOR = YES;
				GCC_WARN_UNINITIALIZED_AUTOS = YES_AGGRESSIVE;
				GCC_WARN_UNUSED_FUNCTION = YES;
				GCC_WARN_UNUSED_VARIABLE = YES;
				IPHONEOS_DEPLOYMENT_TARGET = 12.2;
				MTL_ENABLE_DEBUG_INFO = NO;
				MTL_FAST_MATH = YES;
				SDKROOT = iphoneos;
				SWIFT_COMPILATION_MODE = wholemodule;
				SWIFT_OPTIMIZATION_LEVEL = "-O";
				VALIDATE_PRODUCT = YES;
			};
			name = Release;
		};
		7DD3D64F22AEC7D0000B1992 /* Debug */ = {
			isa = XCBuildConfiguration;
			buildSettings = {
				ASSETCATALOG_COMPILER_APPICON_NAME = AppIcon;
				CODE_SIGN_STYLE = Automatic;
				DEVELOPMENT_TEAM = LCUL9KY4XQ;
				INFOPLIST_FILE = Todoey/Info.plist;
				LD_RUNPATH_SEARCH_PATHS = (
					"$(inherited)",
					"@executable_path/Frameworks",
				);
				PRODUCT_BUNDLE_IDENTIFIER = com.gaborpapp.Todoey;
				PRODUCT_NAME = "$(TARGET_NAME)";
				SWIFT_VERSION = 5.0;
				TARGETED_DEVICE_FAMILY = "1,2";
			};
			name = Debug;
		};
		7DD3D65022AEC7D0000B1992 /* Release */ = {
			isa = XCBuildConfiguration;
			buildSettings = {
				ASSETCATALOG_COMPILER_APPICON_NAME = AppIcon;
				CODE_SIGN_STYLE = Automatic;
				DEVELOPMENT_TEAM = LCUL9KY4XQ;
				INFOPLIST_FILE = Todoey/Info.plist;
				LD_RUNPATH_SEARCH_PATHS = (
					"$(inherited)",
					"@executable_path/Frameworks",
				);
				PRODUCT_BUNDLE_IDENTIFIER = com.gaborpapp.Todoey;
				PRODUCT_NAME = "$(TARGET_NAME)";
				SWIFT_VERSION = 5.0;
				TARGETED_DEVICE_FAMILY = "1,2";
			};
			name = Release;
		};
/* End XCBuildConfiguration section */

/* Begin XCConfigurationList section */
		7DD3D63722AEC7CF000B1992 /* Build configuration list for PBXProject "Todoey" */ = {
			isa = XCConfigurationList;
			buildConfigurations = (
				7DD3D64C22AEC7D0000B1992 /* Debug */,
				7DD3D64D22AEC7D0000B1992 /* Release */,
			);
			defaultConfigurationIsVisible = 0;
			defaultConfigurationName = Release;
		};
		7DD3D64E22AEC7D0000B1992 /* Build configuration list for PBXNativeTarget "Todoey" */ = {
			isa = XCConfigurationList;
			buildConfigurations = (
				7DD3D64F22AEC7D0000B1992 /* Debug */,
				7DD3D65022AEC7D0000B1992 /* Release */,
			);
			defaultConfigurationIsVisible = 0;
			defaultConfigurationName = Release;
		};
/* End XCConfigurationList section */

/* Begin XCVersionGroup section */
		7D62D8B022D0BAFE0039AC3D /* DataModel.xcdatamodeld */ = {
			isa = XCVersionGroup;
			children = (
				7D62D8B122D0BAFE0039AC3D /* DataModel.xcdatamodel */,
			);
			currentVersion = 7D62D8B122D0BAFE0039AC3D /* DataModel.xcdatamodel */;
			path = DataModel.xcdatamodeld;
			sourceTree = "<group>";
			versionGroupType = wrapper.xcdatamodel;
		};
/* End XCVersionGroup section */
	};
	rootObject = 7DD3D63422AEC7CF000B1992 /* Project object */;
}
